{
  "name": ".opencode",
  "lockfileVersion": 3,
  "requires": true,
  "packages": {
    "": {
      "dependencies": {
        "@opencode-ai/plugin": "0.0.0-beta-202603261332"
      }
    },
    "node_modules/@opencode-ai/plugin": {
      "version": "0.0.0-beta-202603261332",
      "resolved": "https://registry.npmjs.org/@opencode-ai/plugin/-/plugin-0.0.0-beta-202603261332.tgz",
      "integrity": "sha512-cx4hvwomHcsP2cG4lsHN2whREf7NCh+qgWnEpAKg5Asor6JYpgtcyr+m+0ohgPVn6D8gWdiHl46bjbL8O/NUzg==",
      "license": "MIT",
      "dependencies": {
        "@opencode-ai/sdk": "0.0.0-beta-202603261332",
        "zod": "4.1.8"
      }
    },
    "node_modules/@opencode-ai/sdk": {
      "version": "0.0.0-beta-202603261332",
      "resolved": "https://registry.npmjs.org/@opencode-ai/sdk/-/sdk-0.0.0-beta-202603261332.tgz",
      "integrity": "sha512-g5Rl2ydVs7HoABPSeMYZnDqGvHtoxkyILEUSUmXy57zvHShntGmitEtDZP+r+35aG2lZ+FzocqtMEPwReQehhw==",
      "license": "MIT"
    },
    "node_modules/zod": {
      "version": "4.1.8",
      "license": "MIT",
      "funding": {
        "url": "https://github.com/sponsors/colinhacks"
      }
    }
  }
}
